// !$*UTF8*$!
{
	archiveVersion = 1;
	classes = {
	};
	objectVersion = 55;
	objects = {

/* Begin PBXBuildFile section */
		D064E76B2872D13800DDD4B9 /* MultipleFuncApp.swift in Sources */ = {isa = PBXBuildFile; fileRef = D064E76A2872D13800DDD4B9 /* MultipleFuncApp.swift */; };
		D064E76D2872D13800DDD4B9 /* ContentView.swift in Sources */ = {isa = PBXBuildFile; fileRef = D064E76C2872D13800DDD4B9 /* ContentView.swift */; };
		D064E76F2872D13900DDD4B9 /* Assets.xcassets in Resources */ = {isa = PBXBuildFile; fileRef = D064E76E2872D13900DDD4B9 /* Assets.xcassets */; };
		D064E7722872D13900DDD4B9 /* Preview Assets.xcassets in Resources */ = {isa = PBXBuildFile; fileRef = D064E7712872D13900DDD4B9 /* Preview Assets.xcassets */; };
		D064E77D2872D13900DDD4B9 /* MultipleFuncTests.swift in Sources */ = {isa = PBXBuildFile; fileRef = D064E77C2872D13900DDD4B9 /* MultipleFuncTests.swift */; };
		D064E7872872D13900DDD4B9 /* MultipleFuncUITests.swift in Sources */ = {isa = PBXBuildFile; fileRef = D064E7862872D13900DDD4B9 /* MultipleFuncUITests.swift */; };
		D064E7892872D13900DDD4B9 /* MultipleFuncUITestsLaunchTests.swift in Sources */ = {isa = PBXBuildFile; fileRef = D064E7882872D13900DDD4B9 /* MultipleFuncUITestsLaunchTests.swift */; };
/* End PBXBuildFile section */

/* Begin PBXContainerItemProxy section */
		D064E7792872D13900DDD4B9 /* PBXContainerItemProxy */ = {
			isa = PBXContainerItemProxy;
			containerPortal = D064E75F2872D13800DDD4B9 /* Project object */;
			proxyType = 1;
			remoteGlobalIDString = D064E7662872D13800DDD4B9;
			remoteInfo = MultipleFunc;
		};
		D064E7832872D13900DDD4B9 /* PBXContainerItemProxy */ = {
			isa = PBXContainerItemProxy;
			containerPortal = D064E75F2872D13800DDD4B9 /* Project object */;
			proxyType = 1;
			remoteGlobalIDString = D064E7662872D13800DDD4B9;
			remoteInfo = MultipleFunc;
		};
/* End PBXContainerItemProxy section */

/* Begin PBXFileReference section */
		D064E7672872D13800DDD4B9 /* MultipleFunc.app */ = {isa = PBXFileReference; explicitFileType = wrapper.application; includeInIndex = 0; path = MultipleFunc.app; sourceTree = BUILT_PRODUCTS_DIR; };
		D064E76A2872D13800DDD4B9 /* MultipleFuncApp.swift */ = {isa = PBXFileReference; lastKnownFileType = sourcecode.swift; path = MultipleFuncApp.swift; sourceTree = "<group>"; };
		D064E76C2872D13800DDD4B9 /* ContentView.swift */ = {isa = PBXFileReference; lastKnownFileType = sourcecode.swift; path = ContentView.swift; sourceTree = "<group>"; };
		D064E76E2872D13900DDD4B9 /* Assets.xcassets */ = {isa = PBXFileReference; lastKnownFileType = folder.assetcatalog; path = Assets.xcassets; sourceTree = "<group>"; };
		D064E7712872D13900DDD4B9 /* Preview Assets.xcassets */ = {isa = PBXFileReference; lastKnownFileType = folder.assetcatalog; path = "Preview Assets.xcassets"; sourceTree = "<group>"; };
		D064E7732872D13900DDD4B9 /* MultipleFunc.entitlements */ = {isa = PBXFileReference; lastKnownFileType = text.plist.entitlements; path = MultipleFunc.entitlements; sourceTree = "<group>"; };
		D064E7782872D13900DDD4B9 /* MultipleFuncTests.xctest */ = {isa = PBXFileReference; explicitFileType = wrapper.cfbundle; includeInIndex = 0; path = MultipleFuncTests.xctest; sourceTree = BUILT_PRODUCTS_DIR; };
		D064E77C2872D13900DDD4B9 /* MultipleFuncTests.swift */ = {isa = PBXFileReference; lastKnownFileType = sourcecode.swift; path = MultipleFuncTests.swift; sourceTree = "<group>"; };
		D064E7822872D13900DDD4B9 /* MultipleFuncUITests.xctest */ = {isa = PBXFileReference; explicitFileType = wrapper.cfbundle; includeInIndex = 0; path = MultipleFuncUITests.xctest; sourceTree = BUILT_PRODUCTS_DIR; };
		D064E7862872D13900DDD4B9 /* MultipleFuncUITests.swift */ = {isa = PBXFileReference; lastKnownFileType = sourcecode.swift; path = MultipleFuncUITests.swift; sourceTree = "<group>"; };
		D064E7882872D13900DDD4B9 /* MultipleFuncUITestsLaunchTests.swift */ = {isa = PBXFileReference; lastKnownFileType = sourcecode.swift; path = MultipleFuncUITestsLaunchTests.swift; sourceTree = "<group>"; };
/* End PBXFileReference section */

/* Begin PBXFrameworksBuildPhase section */
		D064E7642872D13800DDD4B9 /* Frameworks */ = {
			isa = PBXFrameworksBuildPhase;
			buildActionMask = 2147483647;
			files = (
			);
			runOnlyForDeploymentPostprocessing = 0;
		};
		D064E7752872D13900DDD4B9 /* Frameworks */ = {
			isa = PBXFrameworksBuildPhase;
			buildActionMask = 2147483647;
			files = (
			);
			runOnlyForDeploymentPostprocessing = 0;
		};
		D064E77F2872D13900DDD4B9 /* Frameworks */ = {
			isa = PBXFrameworksBuildPhase;
			buildActionMask = 2147483647;
			files = (
			);
			runOnlyForDeploymentPostprocessing = 0;
		};
/* End PBXFrameworksBuildPhase section */

/* Begin PBXGroup section */
		D064E75E2872D13800DDD4B9 = {
			isa = PBXGroup;
			children = (
				D064E7692872D13800DDD4B9 /* MultipleFunc */,
				D064E77B2872D13900DDD4B9 /* MultipleFuncTests */,
				D064E7852872D13900DDD4B9 /* MultipleFuncUITests */,
				D064E7682872D13800DDD4B9 /* Products */,
			);
			sourceTree = "<group>";
		};
		D064E7682872D13800DDD4B9 /* Products */ = {
			isa = PBXGroup;
			children = (
				D064E7672872D13800DDD4B9 /* MultipleFunc.app */,
				D064E7782872D13900DDD4B9 /* MultipleFuncTests.xctest */,
				D064E7822872D13900DDD4B9 /* MultipleFuncUITests.xctest */,
			);
			name = Products;
			sourceTree = "<group>";
		};
		D064E7692872D13800DDD4B9 /* MultipleFunc */ = {
			isa = PBXGroup;
			children = (
				D064E76A2872D13800DDD4B9 /* MultipleFuncApp.swift */,
				D064E76C2872D13800DDD4B9 /* ContentView.swift */,
				D064E76E2872D13900DDD4B9 /* Assets.xcassets */,
				D064E7732872D13900DDD4B9 /* MultipleFunc.entitlements */,
				D064E7702872D13900DDD4B9 /* Preview Content */,
			);
			path = MultipleFunc;
			sourceTree = "<group>";
		};
		D064E7702872D13900DDD4B9 /* Preview Content */ = {
			isa = PBXGroup;
			children = (
				D064E7712872D13900DDD4B9 /* Preview Assets.xcassets */,
			);
			path = "Preview Content";
			sourceTree = "<group>";
		};
		D064E77B2872D13900DDD4B9 /* MultipleFuncTests */ = {
			isa = PBXGroup;
			children = (
				D064E77C2872D13900DDD4B9 /* MultipleFuncTests.swift */,
			);
			path = MultipleFuncTests;
			sourceTree = "<group>";
		};
		D064E7852872D13900DDD4B9 /* MultipleFuncUITests */ = {
			isa = PBXGroup;
			children = (
				D064E7862872D13900DDD4B9 /* MultipleFuncUITests.swift */,
				D064E7882872D13900DDD4B9 /* MultipleFuncUITestsLaunchTests.swift */,
			);
			path = MultipleFuncUITests;
			sourceTree = "<group>";
		};
/* End PBXGroup section */

/* Begin PBXNativeTarget section */
		D064E7662872D13800DDD4B9 /* MultipleFunc */ = {
			isa = PBXNativeTarget;
			buildConfigurationList = D064E78C2872D13900DDD4B9 /* Build configuration list for PBXNativeTarget "MultipleFunc" */;
			buildPhases = (
				D064E7632872D13800DDD4B9 /* Sources */,
				D064E7642872D13800DDD4B9 /* Frameworks */,
				D064E7652872D13800DDD4B9 /* Resources */,
			);
			buildRules = (
			);
			dependencies = (
			);
			name = MultipleFunc;
			productName = MultipleFunc;
			productReference = D064E7672872D13800DDD4B9 /* MultipleFunc.app */;
			productType = "com.apple.product-type.application";
		};
		D064E7772872D13900DDD4B9 /* MultipleFuncTests */ = {
			isa = PBXNativeTarget;
			buildConfigurationList = D064E78F2872D13900DDD4B9 /* Build configuration list for PBXNativeTarget "MultipleFuncTests" */;
			buildPhases = (
				D064E7742872D13900DDD4B9 /* Sources */,
				D064E7752872D13900DDD4B9 /* Frameworks */,
				D064E7762872D13900DDD4B9 /* Resources */,
			);
			buildRules = (
			);
			dependencies = (
				D064E77A2872D13900DDD4B9 /* PBXTargetDependency */,
			);
			name = MultipleFuncTests;
			productName = MultipleFuncTests;
			productReference = D064E7782872D13900DDD4B9 /* MultipleFuncTests.xctest */;
			productType = "com.apple.product-type.bundle.unit-test";
		};
		D064E7812872D13900DDD4B9 /* MultipleFuncUITests */ = {
			isa = PBXNativeTarget;
			buildConfigurationList = D064E7922872D13900DDD4B9 /* Build configuration list for PBXNativeTarget "MultipleFuncUITests" */;
			buildPhases = (
				D064E77E2872D13900DDD4B9 /* Sources */,
				D064E77F2872D13900DDD4B9 /* Frameworks */,
				D064E7802872D13900DDD4B9 /* Resources */,
			);
			buildRules = (
			);
			dependencies = (
				D064E7842872D13900DDD4B9 /* PBXTargetDependency */,
			);
			name = MultipleFuncUITests;
			productName = MultipleFuncUITests;
			productReference = D064E7822872D13900DDD4B9 /* MultipleFuncUITests.xctest */;
			productType = "com.apple.product-type.bundle.ui-testing";
		};
/* End PBXNativeTarget section */

/* Begin PBXProject section */
		D064E75F2872D13800DDD4B9 /* Project object */ = {
			isa = PBXProject;
			attributes = {
				BuildIndependentTargetsInParallel = 1;
				LastSwiftUpdateCheck = 1340;
				LastUpgradeCheck = 1340;
				TargetAttributes = {
					D064E7662872D13800DDD4B9 = {
						CreatedOnToolsVersion = 13.4.1;
					};
					D064E7772872D13900DDD4B9 = {
						CreatedOnToolsVersion = 13.4.1;
						TestTargetID = D064E7662872D13800DDD4B9;
					};
					D064E7812872D13900DDD4B9 = {
						CreatedOnToolsVersion = 13.4.1;
						TestTargetID = D064E7662872D13800DDD4B9;
					};
				};
			};
			buildConfigurationList = D064E7622872D13800DDD4B9 /* Build configuration list for PBXProject "MultipleFunc" */;
			compatibilityVersion = "Xcode 13.0";
			developmentRegion = en;
			hasScannedForEncodings = 0;
			knownRegions = (
				en,
				Base,
			);
			mainGroup = D064E75E2872D13800DDD4B9;
			productRefGroup = D064E7682872D13800DDD4B9 /* Products */;
			projectDirPath = "";
			projectRoot = "";
			targets = (
				D064E7662872D13800DDD4B9 /* MultipleFunc */,
				D064E7772872D13900DDD4B9 /* MultipleFuncTests */,
				D064E7812872D13900DDD4B9 /* MultipleFuncUITests */,
			);
		};
/* End PBXProject section */

/* Begin PBXResourcesBuildPhase section */
		D064E7652872D13800DDD4B9 /* Resources */ = {
			isa = PBXResourcesBuildPhase;
			buildActionMask = 2147483647;
			files = (
				D064E7722872D13900DDD4B9 /* Preview Assets.xcassets in Resources */,
				D064E76F2872D13900DDD4B9 /* Assets.xcassets in Resources */,
			);
			runOnlyForDeploymentPostprocessing = 0;
		};
		D064E7762872D13900DDD4B9 /* Resources */ = {
			isa = PBXResourcesBuildPhase;
			buildActionMask = 2147483647;
			files = (
			);
			runOnlyForDeploymentPostprocessing = 0;
		};
		D064E7802872D13900DDD4B9 /* Resources */ = {
			isa = PBXResourcesBuildPhase;
			buildActionMask = 2147483647;
			files = (
			);
			runOnlyForDeploymentPostprocessing = 0;
		};
/* End PBXResourcesBuildPhase section */

/* Begin PBXSourcesBuildPhase section */
		D064E7632872D13800DDD4B9 /* Sources */ = {
			isa = PBXSourcesBuildPhase;
			buildActionMask = 2147483647;
			files = (
				D064E76D2872D13800DDD4B9 /* ContentView.swift in Sources */,
				D064E76B2872D13800DDD4B9 /* MultipleFuncApp.swift in Sources */,
			);
			runOnlyForDeploymentPostprocessing = 0;
		};
		D064E7742872D13900DDD4B9 /* Sources */ = {
			isa = PBXSourcesBuildPhase;
			buildActionMask = 2147483647;
			files = (
				D064E77D2872D13900DDD4B9 /* MultipleFuncTests.swift in Sources */,
			);
			runOnlyForDeploymentPostprocessing = 0;
		};
		D064E77E2872D13900DDD4B9 /* Sources */ = {
			isa = PBXSourcesBuildPhase;
			buildActionMask = 2147483647;
			files = (
				D064E7892872D13900DDD4B9 /* MultipleFuncUITestsLaunchTests.swift in Sources */,
				D064E7872872D13900DDD4B9 /* MultipleFuncUITests.swift in Sources */,
			);
			runOnlyForDeploymentPostprocessing = 0;
		};
/* End PBXSourcesBuildPhase section */

/* Begin PBXTargetDependency section */
		D064E77A2872D13900DDD4B9 /* PBXTargetDependency */ = {
			isa = PBXTargetDependency;
			target = D064E7662872D13800DDD4B9 /* MultipleFunc */;
			targetProxy = D064E7792872D13900DDD4B9 /* PBXContainerItemProxy */;
		};
		D064E7842872D13900DDD4B9 /* PBXTargetDependency */ = {
			isa = PBXTargetDependency;
			target = D064E7662872D13800DDD4B9 /* MultipleFunc */;
			targetProxy = D064E7832872D13900DDD4B9 /* PBXContainerItemProxy */;
		};
/* End PBXTargetDependency section */

/* Begin XCBuildConfiguration section */
		D064E78A2872D13900DDD4B9 /* Debug */ = {
			isa = XCBuildConfiguration;
			buildSettings = {
				ALWAYS_SEARCH_USER_PATHS = NO;
				CLANG_ANALYZER_NONNULL = YES;
				CLANG_ANALYZER_NUMBER_OBJECT_CONVERSION = YES_AGGRESSIVE;
				CLANG_CXX_LANGUAGE_STANDARD = "gnu++17";
				CLANG_ENABLE_MODULES = YES;
				CLANG_ENABLE_OBJC_ARC = YES;
				CLANG_ENABLE_OBJC_WEAK = YES;
				CLANG_WARN_BLOCK_CAPTURE_AUTORELEASING = YES;
				CLANG_WARN_BOOL_CONVERSION = YES;
				CLANG_WARN_COMMA = YES;
				CLANG_WARN_CONSTANT_CONVERSION = YES;
				CLANG_WARN_DEPRECATED_OBJC_IMPLEMENTATIONS = YES;
				CLANG_WARN_DIRECT_OBJC_ISA_USAGE = YES_ERROR;
				CLANG_WARN_DOCUMENTATION_COMMENTS = YES;
				CLANG_WARN_EMPTY_BODY = YES;
				CLANG_WARN_ENUM_CONVERSION = YES;
				CLANG_WARN_INFINITE_RECURSION = YES;
				CLANG_WARN_INT_CONVERSION = YES;
				CLANG_WARN_NON_LITERAL_NULL_CONVERSION = YES;
				CLANG_WARN_OBJC_IMPLICIT_RETAIN_SELF = YES;
				CLANG_WARN_OBJC_LITERAL_CONVERSION = YES;
				CLANG_WARN_OBJC_ROOT_CLASS = YES_ERROR;
				CLANG_WARN_QUOTED_INCLUDE_IN_FRAMEWORK_HEADER = YES;
				CLANG_WARN_RANGE_LOOP_ANALYSIS = YES;
				CLANG_WARN_STRICT_PROTOTYPES = YES;
				CLANG_WARN_SUSPICIOUS_MOVE = YES;
				CLANG_WARN_UNGUARDED_AVAILABILITY = YES_AGGRESSIVE;
				CLANG_WARN_UNREACHABLE_CODE = YES;
				CLANG_WARN__DUPLICATE_METHOD_MATCH = YES;
				COPY_PHASE_STRIP = NO;
				DEBUG_INFORMATION_FORMAT = dwarf;
				ENABLE_STRICT_OBJC_MSGSEND = YES;
				ENABLE_TESTABILITY = YES;
				GCC_C_LANGUAGE_STANDARD = gnu11;
				GCC_DYNAMIC_NO_PIC = NO;
				GCC_NO_COMMON_BLOCKS = YES;
				GCC_OPTIMIZATION_LEVEL = 0;
				GCC_PREPROCESSOR_DEFINITIONS = (
					"DEBUG=1",
					"$(inherited)",
				);
				GCC_WARN_64_TO_32_BIT_CONVERSION = YES;
				GCC_WARN_ABOUT_RETURN_TYPE = YES_ERROR;
				GCC_WARN_UNDECLARED_SELECTOR = YES;
				GCC_WARN_UNINITIALIZED_AUTOS = YES_AGGRESSIVE;
				GCC_WARN_UNUSED_FUNCTION = YES;
				GCC_WARN_UNUSED_VARIABLE = YES;
				MACOSX_DEPLOYMENT_TARGET = 12.3;
				MTL_ENABLE_DEBUG_INFO = INCLUDE_SOURCE;
				MTL_FAST_MATH = YES;
				ONLY_ACTIVE_ARCH = YES;
				SDKROOT = macosx;
				SWIFT_ACTIVE_COMPILATION_CONDITIONS = DEBUG;
				SWIFT_OPTIMIZATION_LEVEL = "-Onone";
			};
			name = Debug;
		};
		D064E78B2872D13900DDD4B9 /* Release */ = {
			isa = XCBuildConfiguration;
			buildSettings = {
				ALWAYS_SEARCH_USER_PATHS = NO;
				CLANG_ANALYZER_NONNULL = YES;
				CLANG_ANALYZER_NUMBER_OBJECT_CONVERSION = YES_AGGRESSIVE;
				CLANG_CXX_LANGUAGE_STANDARD = "gnu++17";
				CLANG_ENABLE_MODULES = YES;
				CLANG_ENABLE_OBJC_ARC = YES;
				CLANG_ENABLE_OBJC_WEAK = YES;
				CLANG_WARN_BLOCK_CAPTURE_AUTORELEASING = YES;
				CLANG_WARN_BOOL_CONVERSION = YES;
				CLANG_WARN_COMMA = YES;
				CLANG_WARN_CONSTANT_CONVERSION = YES;
				CLANG_WARN_DEPRECATED_OBJC_IMPLEMENTATIONS = YES;
				CLANG_WARN_DIRECT_OBJC_ISA_USAGE = YES_ERROR;
				CLANG_WARN_DOCUMENTATION_COMMENTS = YES;
				CLANG_WARN_EMPTY_BODY = YES;
				CLANG_WARN_ENUM_CONVERSION = YES;
				CLANG_WARN_INFINITE_RECURSION = YES;
				CLANG_WARN_INT_CONVERSION = YES;
				CLANG_WARN_NON_LITERAL_NULL_CONVERSION = YES;
				CLANG_WARN_OBJC_IMPLICIT_RETAIN_SELF = YES;
				CLANG_WARN_OBJC_LITERAL_CONVERSION = YES;
				CLANG_WARN_OBJC_ROOT_CLASS = YES_ERROR;
				CLANG_WARN_QUOTED_INCLUDE_IN_FRAMEWORK_HEADER = YES;
				CLANG_WARN_RANGE_LOOP_ANALYSIS = YES;
				CLANG_WARN_STRICT_PROTOTYPES = YES;
				CLANG_WARN_SUSPICIOUS_MOVE = YES;
				CLANG_WARN_UNGUARDED_AVAILABILITY = YES_AGGRESSIVE;
				CLANG_WARN_UNREACHABLE_CODE = YES;
				CLANG_WARN__DUPLICATE_METHOD_MATCH = YES;
				COPY_PHASE_STRIP = NO;
				DEBUG_INFORMATION_FORMAT = "dwarf-with-dsym";
				ENABLE_NS_ASSERTIONS = NO;
				ENABLE_STRICT_OBJC_MSGSEND = YES;
				GCC_C_LANGUAGE_STANDARD = gnu11;
				GCC_NO_COMMON_BLOCKS = YES;
				GCC_WARN_64_TO_32_BIT_CONVERSION = YES;
				GCC_WARN_ABOUT_RETURN_TYPE = YES_ERROR;
				GCC_WARN_UNDECLARED_SELECTOR = YES;
				GCC_WARN_UNINITIALIZED_AUTOS = YES_AGGRESSIVE;
				GCC_WARN_UNUSED_FUNCTION = YES;
				GCC_WARN_UNUSED_VARIABLE = YES;
				MACOSX_DEPLOYMENT_TARGET = 12.3;
				MTL_ENABLE_DEBUG_INFO = NO;
				MTL_FAST_MATH = YES;
				SDKROOT = macosx;
				SWIFT_COMPILATION_MODE = wholemodule;
				SWIFT_OPTIMIZATION_LEVEL = "-O";
			};
			name = Release;
		};
		D064E78D2872D13900DDD4B9 /* Debug */ = {
			isa = XCBuildConfiguration;
			buildSettings = {
				ASSETCATALOG_COMPILER_APPICON_NAME = AppIcon;
				ASSETCATALOG_COMPILER_GLOBAL_ACCENT_COLOR_NAME = AccentColor;
				CODE_SIGN_ENTITLEMENTS = MultipleFunc/MultipleFunc.entitlements;
				CODE_SIGN_STYLE = Automatic;
				COMBINE_HIDPI_IMAGES = YES;
				CURRENT_PROJECT_VERSION = 1;
				DEVELOPMENT_ASSET_PATHS = "\"MultipleFunc/Preview Content\"";
				ENABLE_PREVIEWS = YES;
				GENERATE_INFOPLIST_FILE = YES;
				INFOPLIST_KEY_NSHumanReadableCopyright = "";
				LD_RUNPATH_SEARCH_PATHS = (
					"$(inherited)",
					"@executable_path/../Frameworks",
				);
				MARKETING_VERSION = 1.0;
				PRODUCT_BUNDLE_IDENTIFIER = int.MultipleFunc;
				PRODUCT_NAME = "$(TARGET_NAME)";
				SWIFT_EMIT_LOC_STRINGS = YES;
				SWIFT_VERSION = 5.0;
			};
			name = Debug;
		};
		D064E78E2872D13900DDD4B9 /* Release */ = {
			isa = XCBuildConfiguration;
			buildSettings = {
				ASSETCATALOG_COMPILER_APPICON_NAME = AppIcon;
				ASSETCATALOG_COMPILER_GLOBAL_ACCENT_COLOR_NAME = AccentColor;
				CODE_SIGN_ENTITLEMENTS = MultipleFunc/MultipleFunc.entitlements;
				CODE_SIGN_STYLE = Automatic;
				COMBINE_HIDPI_IMAGES = YES;
				CURRENT_PROJECT_VERSION = 1;
				DEVELOPMENT_ASSET_PATHS = "\"MultipleFunc/Preview Content\"";
				ENABLE_PREVIEWS = YES;
				GENERATE_INFOPLIST_FILE = YES;
				INFOPLIST_KEY_NSHumanReadableCopyright = "";
				LD_RUNPATH_SEARCH_PATHS = (
					"$(inherited)",
					"@executable_path/../Frameworks",
				);
				MARKETING_VERSION = 1.0;
				PRODUCT_BUNDLE_IDENTIFIER = int.MultipleFunc;
				PRODUCT_NAME = "$(TARGET_NAME)";
				SWIFT_EMIT_LOC_STRINGS = YES;
				SWIFT_VERSION = 5.0;
			};
			name = Release;
		};
		D064E7902872D13900DDD4B9 /* Debug */ = {
			isa = XCBuildConfiguration;
			buildSettings = {
				ALWAYS_EMBED_SWIFT_STANDARD_LIBRARIES = YES;
				BUNDLE_LOADER = "$(TEST_HOST)";
				CODE_SIGN_STYLE = Automatic;
				CURRENT_PROJECT_VERSION = 1;
				GENERATE_INFOPLIST_FILE = YES;
				MACOSX_DEPLOYMENT_TARGET = 12.3;
				MARKETING_VERSION = 1.0;
				PRODUCT_BUNDLE_IDENTIFIER = int.MultipleFuncTests;
				PRODUCT_NAME = "$(TARGET_NAME)";
				SWIFT_EMIT_LOC_STRINGS = NO;
				SWIFT_VERSION = 5.0;
				TEST_HOST = "$(BUILT_PRODUCTS_DIR)/MultipleFunc.app/Contents/MacOS/MultipleFunc";
			};
			name = Debug;
		};
		D064E7912872D13900DDD4B9 /* Release */ = {
			isa = XCBuildConfiguration;
			buildSettings = {
				ALWAYS_EMBED_SWIFT_STANDARD_LIBRARIES = YES;
				BUNDLE_LOADER = "$(TEST_HOST)";
				CODE_SIGN_STYLE = Automatic;
				CURRENT_PROJECT_VERSION = 1;
				GENERATE_INFOPLIST_FILE = YES;
				MACOSX_DEPLOYMENT_TARGET = 12.3;
				MARKETING_VERSION = 1.0;
				PRODUCT_BUNDLE_IDENTIFIER = int.MultipleFuncTests;
				PRODUCT_NAME = "$(TARGET_NAME)";
				SWIFT_EMIT_LOC_STRINGS = NO;
				SWIFT_VERSION = 5.0;
				TEST_HOST = "$(BUILT_PRODUCTS_DIR)/MultipleFunc.app/Contents/MacOS/MultipleFunc";
			};
			name = Release;
		};
		D064E7932872D13900DDD4B9 /* Debug */ = {
			isa = XCBuildConfiguration;
			buildSettings = {
				ALWAYS_EMBED_SWIFT_STANDARD_LIBRARIES = YES;
				CODE_SIGN_STYLE = Automatic;
				CURRENT_PROJECT_VERSION = 1;
				GENERATE_INFOPLIST_FILE = YES;
				MARKETING_VERSION = 1.0;
				PRODUCT_BUNDLE_IDENTIFIER = int.MultipleFuncUITests;
				PRODUCT_NAME = "$(TARGET_NAME)";
				SWIFT_EMIT_LOC_STRINGS = NO;
				SWIFT_VERSION = 5.0;
				TEST_TARGET_NAME = MultipleFunc;
			};
			name = Debug;
		};
		D064E7942872D13900DDD4B9 /* Release */ = {
			isa = XCBuildConfiguration;
			buildSettings = {
				ALWAYS_EMBED_SWIFT_STANDARD_LIBRARIES = YES;
				CODE_SIGN_STYLE = Automatic;
				CURRENT_PROJECT_VERSION = 1;
				GENERATE_INFOPLIST_FILE = YES;
				MARKETING_VERSION = 1.0;
				PRODUCT_BUNDLE_IDENTIFIER = int.MultipleFuncUITests;
				PRODUCT_NAME = "$(TARGET_NAME)";
				SWIFT_EMIT_LOC_STRINGS = NO;
				SWIFT_VERSION = 5.0;
				TEST_TARGET_NAME = MultipleFunc;
			};
			name = Release;
		};
/* End XCBuildConfiguration section */

/* Begin XCConfigurationList section */
		D064E7622872D13800DDD4B9 /* Build configuration list for PBXProject "MultipleFunc" */ = {
			isa = XCConfigurationList;
			buildConfigurations = (
				D064E78A2872D13900DDD4B9 /* Debug */,
				D064E78B2872D13900DDD4B9 /* Release */,
			);
			defaultConfigurationIsVisible = 0;
			defaultConfigurationName = Release;
		};
		D064E78C2872D13900DDD4B9 /* Build configuration list for PBXNativeTarget "MultipleFunc" */ = {
			isa = XCConfigurationList;
			buildConfigurations = (
				D064E78D2872D13900DDD4B9 /* Debug */,
				D064E78E2872D13900DDD4B9 /* Release */,
			);
			defaultConfigurationIsVisible = 0;
			defaultConfigurationName = Release;
		};
		D064E78F2872D13900DDD4B9 /* Build configuration list for PBXNativeTarget "MultipleFuncTests" */ = {
			isa = XCConfigurationList;
			buildConfigurations = (
				D064E7902872D13900DDD4B9 /* Debug */,
				D064E7912872D13900DDD4B9 /* Release */,
			);
			defaultConfigurationIsVisible = 0;
			defaultConfigurationName = Release;
		};
		D064E7922872D13900DDD4B9 /* Build configuration list for PBXNativeTarget "MultipleFuncUITests" */ = {
			isa = XCConfigurationList;
			buildConfigurations = (
				D064E7932872D13900DDD4B9 /* Debug */,
				D064E7942872D13900DDD4B9 /* Release */,
			);
			defaultConfigurationIsVisible = 0;
			defaultConfigurationName = Release;
		};
/* End XCConfigurationList section */
	};
	rootObject = D064E75F2872D13800DDD4B9 /* Project object */;
}
